{
  "version": 4,
  "terraform_version": "0.12.26",
  "serial": 395,
  "lineage": "2610f089-f1aa-d34e-d1a1-a93964323cc7",
  "outputs": {},
  "resources": [
    {
      "module": "module.my-ecs",
      "mode": "data",
      "type": "aws_ami",
      "name": "ecs",
      "provider": "provider.aws",
      "instances": [
        {
          "schema_version": 0,
          "attributes": {
            "architecture": "x86_64",
            "arn": "arn:aws:ec2:us-east-1::image/ami-0c68bcf8472e9a9d3",
            "block_device_mappings": [
              {
                "device_name": "/dev/xvda",
                "ebs": {
                  "delete_on_termination": "true",
                  "encrypted": "false",
                  "iops": "0",
                  "snapshot_id": "snap-035a17084ba91e68f",
                  "volume_size": "8",
                  "volume_type": "gp2"
                },
                "no_device": "",
                "virtual_name": ""
              },
              {
                "device_name": "/dev/xvdcz",
                "ebs": {
                  "delete_on_termination": "true",
                  "encrypted": "false",
                  "iops": "0",
                  "snapshot_id": "",
                  "volume_size": "22",
                  "volume_type": "gp2"
                },
                "no_device": "",
                "virtual_name": ""
              }
            ],
            "creation_date": "2020-07-24T16:06:11.000Z",
            "description": "Amazon Linux AMI amzn-ami-2018.03.20200723 x86_64 ECS HVM GP2",
            "executable_users": null,
            "filter": [
              {
                "name": "name",
                "values": [
                  "amzn-ami-*-amazon-ecs-optimized"
                ]
              },
              {
                "name": "virtualization-type",
                "values": [
                  "hvm"
                ]
              }
            ],
            "hypervisor": "xen",
            "id": "ami-0c68bcf8472e9a9d3",
            "image_id": "ami-0c68bcf8472e9a9d3",
            "image_location": "amazon/amzn-ami-2018.03.20200723-amazon-ecs-optimized",
            "image_owner_alias": "amazon",
            "image_type": "machine",
            "kernel_id": null,
            "most_recent": true,
            "name": "amzn-ami-2018.03.20200723-amazon-ecs-optimized",
            "name_regex": null,
            "owner_id": "591542846629",
            "owners": [
              "591542846629"
            ],
            "platform": null,
            "product_codes": [],
            "public": true,
            "ramdisk_id": null,
            "root_device_name": "/dev/xvda",
            "root_device_type": "ebs",
            "root_snapshot_id": "snap-035a17084ba91e68f",
            "sriov_net_support": "simple",
            "state": "available",
            "state_reason": {
              "code": "UNSET",
              "message": "UNSET"
            },
            "tags": {},
            "virtualization_type": "hvm"
          }
        }
      ]
    },
    {
      "mode": "data",
      "type": "aws_caller_identity",
      "name": "current",
      "provider": "provider.aws",
      "instances": [
        {
          "schema_version": 0,
          "attributes": {
            "account_id": "202771655335",
            "arn": "arn:aws:iam::202771655335:user/Terraform",
            "id": "2020-07-31 06:31:42.211789493 +0000 UTC",
            "user_id": "AIDAS6NRB5KTWSYEOJGGJ"
          }
        }
      ]
    },
    {
      "module": "module.my-service",
      "mode": "data",
      "type": "aws_ecs_task_definition",
      "name": "ecs-service",
      "provider": "provider.aws",
      "instances": [
        {
          "schema_version": 0,
          "attributes": {
            "family": "my-service",
            "id": "arn:aws:ecs:us-east-1:202771655335:task-definition/my-service:13",
            "network_mode": "",
            "revision": 13,
            "status": "ACTIVE",
            "task_definition": "my-service",
            "task_role_arn": "arn:aws:iam::202771655335:role/ecsTaskExecutionRole"
          }
        }
      ]
    },
    {
      "module": "module.vpc",
      "mode": "data",
      "type": "aws_vpc_endpoint_service",
      "name": "apigw",
      "each": "list",
      "provider": "provider.aws",
      "instances": []
    },
    {
      "module": "module.vpc",
      "mode": "data",
      "type": "aws_vpc_endpoint_service",
      "name": "cloudtrail",
      "each": "list",
      "provider": "provider.aws",
      "instances": []
    },
    {
      "module": "module.vpc",
      "mode": "data",
      "type": "aws_vpc_endpoint_service",
      "name": "dynamodb",
      "each": "list",
      "provider": "provider.aws",
      "instances": []
    },
    {
      "module": "module.vpc",
      "mode": "data",
      "type": "aws_vpc_endpoint_service",
      "name": "ec2",
      "each": "list",
      "provider": "provider.aws",
      "instances": []
    },
    {
      "module": "module.vpc",
      "mode": "data",
      "type": "aws_vpc_endpoint_service",
      "name": "ec2messages",
      "each": "list",
      "provider": "provider.aws",
      "instances": []
    },
    {
      "module": "module.vpc",
      "mode": "data",
      "type": "aws_vpc_endpoint_service",
      "name": "ecr_api",
      "each": "list",
      "provider": "provider.aws",
      "instances": []
    },
    {
      "module": "module.vpc",
      "mode": "data",
      "type": "aws_vpc_endpoint_service",
      "name": "ecr_dkr",
      "each": "list",
      "provider": "provider.aws",
      "instances": []
    },
    {
      "module": "module.vpc",
      "mode": "data",
      "type": "aws_vpc_endpoint_service",
      "name": "ecs",
      "each": "list",
      "provider": "provider.aws",
      "instances": []
    },
    {
      "module": "module.vpc",
      "mode": "data",
      "type": "aws_vpc_endpoint_service",
      "name": "ecs_agent",
      "each": "list",
      "provider": "provider.aws",
      "instances": []
    },
    {
      "module": "module.vpc",
      "mode": "data",
      "type": "aws_vpc_endpoint_service",
      "name": "ecs_telemetry",
      "each": "list",
      "provider": "provider.aws",
      "instances": []
    },
    {
      "module": "module.vpc",
      "mode": "data",
      "type": "aws_vpc_endpoint_service",
      "name": "elasticloadbalancing",
      "each": "list",
      "provider": "provider.aws",
      "instances": []
    },
    {
      "module": "module.vpc",
      "mode": "data",
      "type": "aws_vpc_endpoint_service",
      "name": "events",
      "each": "list",
      "provider": "provider.aws",
      "instances": []
    },
    {
      "module": "module.vpc",
      "mode": "data",
      "type": "aws_vpc_endpoint_service",
      "name": "kms",
      "each": "list",
      "provider": "provider.aws",
      "instances": []
    },
    {
      "module": "module.vpc",
      "mode": "data",
      "type": "aws_vpc_endpoint_service",
      "name": "logs",
      "each": "list",
      "provider": "provider.aws",
      "instances": []
    },
    {
      "module": "module.vpc",
      "mode": "data",
      "type": "aws_vpc_endpoint_service",
      "name": "monitoring",
      "each": "list",
      "provider": "provider.aws",
      "instances": []
    },
    {
      "module": "module.vpc",
      "mode": "data",
      "type": "aws_vpc_endpoint_service",
      "name": "s3",
      "each": "list",
      "provider": "provider.aws",
      "instances": []
    },
    {
      "module": "module.vpc",
      "mode": "data",
      "type": "aws_vpc_endpoint_service",
      "name": "sns",
      "each": "list",
      "provider": "provider.aws",
      "instances": []
    },
    {
      "module": "module.vpc",
      "mode": "data",
      "type": "aws_vpc_endpoint_service",
      "name": "sqs",
      "each": "list",
      "provider": "provider.aws",
      "instances": []
    },
    {
      "module": "module.vpc",
      "mode": "data",
      "type": "aws_vpc_endpoint_service",
      "name": "ssm",
      "each": "list",
      "provider": "provider.aws",
      "instances": []
    },
    {
      "module": "module.vpc",
      "mode": "data",
      "type": "aws_vpc_endpoint_service",
      "name": "ssmmessages",
      "each": "list",
      "provider": "provider.aws",
      "instances": []
    },
    {
      "module": "module.my-service",
      "mode": "data",
      "type": "template_file",
      "name": "ecs-service",
      "provider": "provider.template",
      "instances": [
        {
          "schema_version": 0,
          "attributes": {
            "filename": null,
            "id": "440c240ae10a5db1c65a752950f90abf6e1888eecaea6774567fa33581c63bfa",
            "rendered": "[\n  {\n    \"name\": \"my-service\",\n    \"image\": \"202771655335.dkr.ecr.us-east-1.amazonaws.com/my-service:latest\",\n    \"cpu\": 256,\n    \"memoryReservation\": 128,\n    \"essential\": true,\n    \"mountPoints\": [],\n    \"portMappings\" : [\n      {\n        \"containerPort\": 8080,\n        \"hostPort\": 0\n      }\n    ],\n    \"logConfiguration\": {\n          \"logDriver\": \"awslogs\",\n          \"options\": {\n              \"awslogs-group\": \"my-log-group\",\n              \"awslogs-region\": \"us-east-1\",\n              \"awslogs-stream-prefix\": \"my-service\"\n          }\n    }\n  }\n]\n",
            "template": "[\n  {\n    \"name\": \"${APPLICATION_NAME}\",\n    \"image\": \"${ECR_URL}:${APPLICATION_VERSION}\",\n    \"cpu\": ${CPU_RESERVATION},\n    \"memoryReservation\": ${MEMORY_RESERVATION},\n    \"essential\": true,\n    \"mountPoints\": [],\n    \"portMappings\" : [\n      {\n        \"containerPort\": ${APPLICATION_PORT},\n        \"hostPort\": 0\n      }\n    ],\n    \"logConfiguration\": {\n          \"logDriver\": \"awslogs\",\n          \"options\": {\n              \"awslogs-group\": \"${LOG_GROUP}\",\n              \"awslogs-region\": \"${AWS_REGION}\",\n              \"awslogs-stream-prefix\": \"${APPLICATION_NAME}\"\n          }\n    }\n  }\n]\n",
            "vars": {
              "APPLICATION_NAME": "my-service",
              "APPLICATION_PORT": "8080",
              "APPLICATION_VERSION": "latest",
              "AWS_REGION": "us-east-1",
              "CPU_RESERVATION": "256",
              "ECR_URL": "202771655335.dkr.ecr.us-east-1.amazonaws.com/my-service",
              "LOG_GROUP": "my-log-group",
              "MEMORY_RESERVATION": "128"
            }
          }
        }
      ]
    },
    {
      "module": "module.my-ecs",
      "mode": "data",
      "type": "template_file",
      "name": "ecs_init",
      "provider": "provider.template",
      "instances": [
        {
          "schema_version": 0,
          "attributes": {
            "filename": null,
            "id": "f26daf78aa3a454757018c8d2e74105029257926b1e6579259ab6258a803b2b8",
            "rendered": "#!/bin/bash\necho 'ECS_CLUSTER=my-ecs' \u003e /etc/ecs/ecs.config\nstart ecs\n",
            "template": "#!/bin/bash\necho 'ECS_CLUSTER=${CLUSTER_NAME}' \u003e /etc/ecs/ecs.config\nstart ecs\n",
            "vars": {
              "CLUSTER_NAME": "my-ecs"
            }
          }
        }
      ]
    },
    {
      "module": "module.my-alb",
      "mode": "managed",
      "type": "aws_alb",
      "name": "alb",
      "provider": "provider.aws",
      "instances": [
        {
          "schema_version": 0,
          "attributes": {
            "access_logs": [
              {
                "bucket": "",
                "enabled": false,
                "prefix": ""
              }
            ],
            "arn": "arn:aws:elasticloadbalancing:us-east-1:202771655335:loadbalancer/app/my-alb/7e79cb84378ca502",
            "arn_suffix": "app/my-alb/7e79cb84378ca502",
            "dns_name": "my-alb-572983147.us-east-1.elb.amazonaws.com",
            "drop_invalid_header_fields": false,
            "enable_cross_zone_load_balancing": null,
            "enable_deletion_protection": false,
            "enable_http2": true,
            "id": "arn:aws:elasticloadbalancing:us-east-1:202771655335:loadbalancer/app/my-alb/7e79cb84378ca502",
            "idle_timeout": 60,
            "internal": false,
            "ip_address_type": "ipv4",
            "load_balancer_type": "application",
            "name": "my-alb",
            "name_prefix": null,
            "security_groups": [
              "sg-0f764b64b4a643e78"
            ],
            "subnet_mapping": [
              {
                "allocation_id": "",
                "subnet_id": "subnet-0146892119ea27c32"
              },
              {
                "allocation_id": "",
                "subnet_id": "subnet-02ff4913ee702d5fb"
              },
              {
                "allocation_id": "",
                "subnet_id": "subnet-0b20b3c2efa8e8e34"
              }
            ],
            "subnets": [
              "subnet-0146892119ea27c32",
              "subnet-02ff4913ee702d5fb",
              "subnet-0b20b3c2efa8e8e34"
            ],
            "tags": null,
            "timeouts": null,
            "vpc_id": "vpc-0ac442e5abb8e6067",
            "zone_id": "Z35SXDOTRQ7X7K"
          },
          "private": "eyJlMmJmYjczMC1lY2FhLTExZTYtOGY4OC0zNDM2M2JjN2M0YzAiOnsiY3JlYXRlIjo2MDAwMDAwMDAwMDAsImRlbGV0ZSI6NjAwMDAwMDAwMDAwLCJ1cGRhdGUiOjYwMDAwMDAwMDAwMH19",
          "dependencies": [
            "module.my-alb.aws_security_group.alb",
            "module.vpc.aws_subnet.public",
            "module.vpc.aws_vpc.this",
            "module.vpc.aws_vpc_ipv4_cidr_block_association.this"
          ]
        }
      ]
    },
    {
      "module": "module.my-alb",
      "mode": "managed",
      "type": "aws_alb_listener",
      "name": "alb-http",
      "provider": "provider.aws",
      "instances": [
        {
          "schema_version": 0,
          "attributes": {
            "arn": "arn:aws:elasticloadbalancing:us-east-1:202771655335:listener/app/my-alb/7e79cb84378ca502/74cacb015e3a003b",
            "certificate_arn": null,
            "default_action": [
              {
                "authenticate_cognito": [],
                "authenticate_oidc": [],
                "fixed_response": [],
                "forward": [],
                "order": 1,
                "redirect": [],
                "target_group_arn": "arn:aws:elasticloadbalancing:us-east-1:202771655335:targetgroup/my-service-efd5aa0b9814/0e3c11c28fb9856a",
                "type": "forward"
              }
            ],
            "id": "arn:aws:elasticloadbalancing:us-east-1:202771655335:listener/app/my-alb/7e79cb84378ca502/74cacb015e3a003b",
            "load_balancer_arn": "arn:aws:elasticloadbalancing:us-east-1:202771655335:loadbalancer/app/my-alb/7e79cb84378ca502",
            "port": 8080,
            "protocol": "HTTP",
            "ssl_policy": "",
            "timeouts": null
          },
          "private": "eyJlMmJmYjczMC1lY2FhLTExZTYtOGY4OC0zNDM2M2JjN2M0YzAiOnsicmVhZCI6NjAwMDAwMDAwMDAwfX0=",
          "dependencies": [
            "module.my-alb.aws_alb.alb",
            "module.my-alb.aws_security_group.alb",
            "module.my-service.aws_alb_target_group.ecs-service",
            "module.vpc.aws_subnet.public",
            "module.vpc.aws_vpc.this",
            "module.vpc.aws_vpc_ipv4_cidr_block_association.this"
          ]
        }
      ]
    },
    {
      "module": "module.my-service",
      "mode": "managed",
      "type": "aws_alb_target_group",
      "name": "ecs-service",
      "provider": "provider.aws",
      "instances": [
        {
          "schema_version": 0,
          "attributes": {
            "arn": "arn:aws:elasticloadbalancing:us-east-1:202771655335:targetgroup/my-service-efd5aa0b9814/0e3c11c28fb9856a",
            "arn_suffix": "targetgroup/my-service-efd5aa0b9814/0e3c11c28fb9856a",
            "deregistration_delay": 30,
            "health_check": [
              {
                "enabled": true,
                "healthy_threshold": 3,
                "interval": 60,
                "matcher": "200",
                "path": "/",
                "port": "traffic-port",
                "protocol": "HTTP",
                "timeout": 5,
                "unhealthy_threshold": 3
              }
            ],
            "id": "arn:aws:elasticloadbalancing:us-east-1:202771655335:targetgroup/my-service-efd5aa0b9814/0e3c11c28fb9856a",
            "lambda_multi_value_headers_enabled": false,
            "load_balancing_algorithm_type": "round_robin",
            "name": "my-service-efd5aa0b9814",
            "name_prefix": null,
            "port": 8080,
            "protocol": "HTTP",
            "proxy_protocol_v2": false,
            "slow_start": 0,
            "stickiness": [
              {
                "cookie_duration": 86400,
                "enabled": false,
                "type": "lb_cookie"
              }
            ],
            "tags": null,
            "target_type": "instance",
            "vpc_id": "vpc-0ac442e5abb8e6067"
          },
          "private": "bnVsbA==",
          "dependencies": [
            "module.vpc.aws_vpc.this"
          ]
        }
      ]
    },
    {
      "module": "module.my-ecs",
      "mode": "managed",
      "type": "aws_autoscaling_group",
      "name": "cluster",
      "provider": "provider.aws",
      "instances": [
        {
          "schema_version": 0,
          "attributes": {
            "arn": "arn:aws:autoscaling:us-east-1:202771655335:autoScalingGroup:580b2740-6bdf-44ec-b70d-cf53e92bb501:autoScalingGroupName/ecs-my-ecs-autoscaling",
            "availability_zones": [
              "us-east-1a",
              "us-east-1b",
              "us-east-1c"
            ],
            "default_cooldown": 300,
            "desired_capacity": 1,
            "enabled_metrics": null,
            "force_delete": false,
            "health_check_grace_period": 300,
            "health_check_type": "EC2",
            "id": "ecs-my-ecs-autoscaling",
            "initial_lifecycle_hook": [],
            "launch_configuration": "ecs-my-ecs-launchconfig20200731063246889200000001",
            "launch_template": [],
            "load_balancers": [],
            "max_instance_lifetime": 0,
            "max_size": 1,
            "metrics_granularity": "1Minute",
            "min_elb_capacity": null,
            "min_size": 1,
            "mixed_instances_policy": [],
            "name": "ecs-my-ecs-autoscaling",
            "name_prefix": null,
            "placement_group": "",
            "protect_from_scale_in": false,
            "service_linked_role_arn": "arn:aws:iam::202771655335:role/aws-service-role/autoscaling.amazonaws.com/AWSServiceRoleForAutoScaling",
            "suspended_processes": null,
            "tag": [
              {
                "key": "Name",
                "propagate_at_launch": true,
                "value": "my-ecs-ecs"
              }
            ],
            "tags": null,
            "target_group_arns": [],
            "termination_policies": [
              "OldestLaunchConfiguration",
              "Default"
            ],
            "timeouts": null,
            "vpc_zone_identifier": [
              "subnet-0146892119ea27c32",
              "subnet-02ff4913ee702d5fb",
              "subnet-0b20b3c2efa8e8e34"
            ],
            "wait_for_capacity_timeout": "10m",
            "wait_for_elb_capacity": null
          },
          "private": "eyJlMmJmYjczMC1lY2FhLTExZTYtOGY4OC0zNDM2M2JjN2M0YzAiOnsiZGVsZXRlIjo2MDAwMDAwMDAwMDB9fQ==",
          "dependencies": [
            "aws_key_pair.mykeypair",
            "module.my-ecs.aws_iam_instance_profile.cluster-ec2-role",
            "module.my-ecs.aws_iam_role.cluster-ec2-role",
            "module.my-ecs.aws_launch_configuration.cluster",
            "module.my-ecs.aws_security_group.cluster",
            "module.vpc.aws_subnet.public",
            "module.vpc.aws_vpc.this",
            "module.vpc.aws_vpc_ipv4_cidr_block_association.this"
          ]
        }
      ]
    },
    {
      "module": "module.my-ecs",
      "mode": "managed",
      "type": "aws_cloudwatch_log_group",
      "name": "cluster",
      "provider": "provider.aws",
      "instances": [
        {
          "schema_version": 0,
          "attributes": {
            "arn": "arn:aws:logs:us-east-1:202771655335:log-group:my-log-group:*",
            "id": "my-log-group",
            "kms_key_id": "",
            "name": "my-log-group",
            "name_prefix": null,
            "retention_in_days": 0,
            "tags": null
          },
          "private": "bnVsbA=="
        }
      ]
    },
    {
      "module": "module.vpc",
      "mode": "managed",
      "type": "aws_db_subnet_group",
      "name": "database",
      "each": "list",
      "provider": "provider.aws",
      "instances": []
    },
    {
      "module": "module.vpc",
      "mode": "managed",
      "type": "aws_default_network_acl",
      "name": "this",
      "each": "list",
      "provider": "provider.aws",
      "instances": []
    },
    {
      "module": "module.vpc",
      "mode": "managed",
      "type": "aws_default_vpc",
      "name": "this",
      "each": "list",
      "provider": "provider.aws",
      "instances": []
    },
    {
      "module": "module.my-service",
      "mode": "managed",
      "type": "aws_ecr_repository",
      "name": "ecs-service",
      "provider": "provider.aws",
      "instances": [
        {
          "schema_version": 0,
          "attributes": {
            "arn": "arn:aws:ecr:us-east-1:202771655335:repository/my-service",
            "id": "my-service",
            "image_scanning_configuration": [
              {
                "scan_on_push": false
              }
            ],
            "image_tag_mutability": "MUTABLE",
            "name": "my-service",
            "registry_id": "202771655335",
            "repository_url": "202771655335.dkr.ecr.us-east-1.amazonaws.com/my-service",
            "tags": null,
            "timeouts": null
          },
          "private": "eyJlMmJmYjczMC1lY2FhLTExZTYtOGY4OC0zNDM2M2JjN2M0YzAiOnsiZGVsZXRlIjoxMjAwMDAwMDAwMDAwfX0="
        }
      ]
    },
    {
      "module": "module.my-ecs",
      "mode": "managed",
      "type": "aws_ecs_cluster",
      "name": "cluster",
      "provider": "provider.aws",
      "instances": [
        {
          "schema_version": 0,
          "attributes": {
            "arn": "arn:aws:ecs:us-east-1:202771655335:cluster/my-ecs",
            "capacity_providers": null,
            "default_capacity_provider_strategy": [],
            "id": "arn:aws:ecs:us-east-1:202771655335:cluster/my-ecs",
            "name": "my-ecs",
            "setting": [
              {
                "name": "containerInsights",
                "value": "disabled"
              }
            ],
            "tags": null
          },
          "private": "bnVsbA=="
        }
      ]
    },
    {
      "module": "module.my-service",
      "mode": "managed",
      "type": "aws_ecs_service",
      "name": "ecs-service",
      "provider": "provider.aws",
      "instances": [
        {
          "schema_version": 0,
          "attributes": {
            "capacity_provider_strategy": [],
            "cluster": "arn:aws:ecs:us-east-1:202771655335:cluster/my-ecs",
            "deployment_controller": [
              {
                "type": "ECS"
              }
            ],
            "deployment_maximum_percent": 200,
            "deployment_minimum_healthy_percent": 100,
            "desired_count": 2,
            "enable_ecs_managed_tags": false,
            "force_new_deployment": null,
            "health_check_grace_period_seconds": 0,
            "iam_role": "arn:aws:iam::202771655335:role/ecs-service-role-my-ecs",
            "id": "arn:aws:ecs:us-east-1:202771655335:service/my-service",
            "launch_type": "EC2",
            "load_balancer": [
              {
                "container_name": "my-service",
                "container_port": 8080,
                "elb_name": "",
                "target_group_arn": "arn:aws:elasticloadbalancing:us-east-1:202771655335:targetgroup/my-service-efd5aa0b9814/0e3c11c28fb9856a"
              }
            ],
            "name": "my-service",
            "network_configuration": [],
            "ordered_placement_strategy": [],
            "placement_constraints": [],
            "placement_strategy": [],
            "platform_version": "",
            "propagate_tags": "NONE",
            "scheduling_strategy": "REPLICA",
            "service_registries": [],
            "tags": null,
            "task_definition": "my-service:13",
            "timeouts": null
          },
          "private": "eyJlMmJmYjczMC1lY2FhLTExZTYtOGY4OC0zNDM2M2JjN2M0YzAiOnsiZGVsZXRlIjoxMjAwMDAwMDAwMDAwfX0=",
          "dependencies": [
            "module.my-alb.aws_alb.alb",
            "module.my-alb.aws_security_group.alb",
            "module.my-ecs.aws_ecs_cluster.cluster",
            "module.my-ecs.aws_iam_role.cluster-service-role",
            "module.my-service.aws_alb_target_group.ecs-service",
            "module.my-service.aws_ecr_repository.ecs-service",
            "module.my-service.aws_ecs_task_definition.ecs-service-taskdef",
            "module.my-service.null_resource.alb_exists",
            "module.vpc.aws_subnet.public",
            "module.vpc.aws_vpc.this",
            "module.vpc.aws_vpc_ipv4_cidr_block_association.this"
          ]
        }
      ]
    },
    {
      "module": "module.my-service",
      "mode": "managed",
      "type": "aws_ecs_task_definition",
      "name": "ecs-service-taskdef",
      "provider": "provider.aws",
      "instances": [
        {
          "schema_version": 1,
          "attributes": {
            "arn": "arn:aws:ecs:us-east-1:202771655335:task-definition/my-service:13",
            "container_definitions": "[{\"cpu\":256,\"environment\":[],\"essential\":true,\"image\":\"202771655335.dkr.ecr.us-east-1.amazonaws.com/my-service:latest\",\"logConfiguration\":{\"logDriver\":\"awslogs\",\"options\":{\"awslogs-group\":\"my-log-group\",\"awslogs-region\":\"us-east-1\",\"awslogs-stream-prefix\":\"my-service\"}},\"memoryReservation\":128,\"mountPoints\":[],\"name\":\"my-service\",\"portMappings\":[{\"containerPort\":8080,\"hostPort\":0,\"protocol\":\"tcp\"}],\"volumesFrom\":[]}]",
            "cpu": "",
            "execution_role_arn": "",
            "family": "my-service",
            "id": "my-service",
            "inference_accelerator": [],
            "ipc_mode": "",
            "memory": "",
            "network_mode": "",
            "pid_mode": "",
            "placement_constraints": [],
            "proxy_configuration": [],
            "requires_compatibilities": null,
            "revision": 13,
            "tags": null,
            "task_role_arn": "arn:aws:iam::202771655335:role/ecsTaskExecutionRole",
            "volume": []
          },
          "private": "eyJzY2hlbWFfdmVyc2lvbiI6IjEifQ==",
          "dependencies": [
            "module.my-service.aws_ecr_repository.ecs-service"
          ]
        }
      ]
    },
    {
      "module": "module.vpc",
      "mode": "managed",
      "type": "aws_eip",
      "name": "nat",
      "each": "list",
      "provider": "provider.aws",
      "instances": []
    },
    {
      "module": "module.vpc",
      "mode": "managed",
      "type": "aws_elasticache_subnet_group",
      "name": "elasticache",
      "each": "list",
      "provider": "provider.aws",
      "instances": []
    },
    {
      "module": "module.my-ecs",
      "mode": "managed",
      "type": "aws_iam_instance_profile",
      "name": "cluster-ec2-role",
      "provider": "provider.aws",
      "instances": [
        {
          "schema_version": 0,
          "attributes": {
            "arn": "arn:aws:iam::202771655335:instance-profile/ecs-my-ecs-ec2-role",
            "create_date": "2020-07-31T06:32:06Z",
            "id": "ecs-my-ecs-ec2-role",
            "name": "ecs-my-ecs-ec2-role",
            "name_prefix": null,
            "path": "/",
            "role": "ecs-my-ecs-ec2-role",
            "roles": [],
            "unique_id": "AIPAS6NRB5KTZCTIODOVY"
          },
          "private": "bnVsbA==",
          "dependencies": [
            "module.my-ecs.aws_iam_role.cluster-ec2-role"
          ]
        }
      ]
    },
    {
      "module": "module.my-ecs",
      "mode": "managed",
      "type": "aws_iam_role",
      "name": "cluster-ec2-role",
      "provider": "provider.aws",
      "instances": [
        {
          "schema_version": 0,
          "attributes": {
            "arn": "arn:aws:iam::202771655335:role/ecs-my-ecs-ec2-role",
            "assume_role_policy": "{\"Version\":\"2012-10-17\",\"Statement\":[{\"Sid\":\"\",\"Effect\":\"Allow\",\"Principal\":{\"Service\":\"ec2.amazonaws.com\"},\"Action\":\"sts:AssumeRole\"}]}",
            "create_date": "2020-07-31T06:32:02Z",
            "description": "",
            "force_detach_policies": false,
            "id": "ecs-my-ecs-ec2-role",
            "max_session_duration": 3600,
            "name": "ecs-my-ecs-ec2-role",
            "name_prefix": null,
            "path": "/",
            "permissions_boundary": null,
            "tags": null,
            "unique_id": "AROAS6NRB5KT7OIDZMI2O"
          },
          "private": "bnVsbA=="
        }
      ]
    },
    {
      "module": "module.my-ecs",
      "mode": "managed",
      "type": "aws_iam_role",
      "name": "cluster-service-role",
      "provider": "provider.aws",
      "instances": [
        {
          "schema_version": 0,
          "attributes": {
            "arn": "arn:aws:iam::202771655335:role/ecs-service-role-my-ecs",
            "assume_role_policy": "{\"Version\":\"2012-10-17\",\"Statement\":[{\"Sid\":\"\",\"Effect\":\"Allow\",\"Principal\":{\"Service\":\"ecs.amazonaws.com\"},\"Action\":\"sts:AssumeRole\"}]}",
            "create_date": "2020-07-31T06:32:02Z",
            "description": "",
            "force_detach_policies": false,
            "id": "ecs-service-role-my-ecs",
            "max_session_duration": 3600,
            "name": "ecs-service-role-my-ecs",
            "name_prefix": null,
            "path": "/",
            "permissions_boundary": null,
            "tags": null,
            "unique_id": "AROAS6NRB5KTSBDAPP5BB"
          },
          "private": "bnVsbA=="
        }
      ]
    },
    {
      "module": "module.my-ecs",
      "mode": "managed",
      "type": "aws_iam_role_policy",
      "name": "cluster-ec2-role",
      "provider": "provider.aws",
      "instances": [
        {
          "schema_version": 0,
          "attributes": {
            "id": "ecs-my-ecs-ec2-role:cluster-ec2-role-policy",
            "name": "cluster-ec2-role-policy",
            "name_prefix": null,
            "policy": "{\n    \"Version\": \"2012-10-17\",\n    \"Statement\": [\n        {\n            \"Effect\": \"Allow\",\n            \"Action\": [\n              \"ecs:CreateCluster\",\n              \"ecs:DeregisterContainerInstance\",\n              \"ecs:DiscoverPollEndpoint\",\n              \"ecs:Poll\",\n              \"ecs:RegisterContainerInstance\",\n              \"ecs:StartTelemetrySession\",\n              \"ecs:Submit*\",\n              \"ecs:StartTask\",\n              \"ecr:GetAuthorizationToken\",\n              \"ecr:BatchCheckLayerAvailability\",\n              \"ecr:GetDownloadUrlForLayer\",\n              \"ecr:BatchGetImage\",\n              \"logs:CreateLogStream\",\n              \"logs:PutLogEvents\"\n            ],\n            \"Resource\": \"*\"\n        },\n        {\n          \"Effect\": \"Allow\",\n          \"Action\": [\n              \"logs:*\"\n          ],\n          \"Resource\": [\n              \"arn:aws:logs:us-east-1:202771655335:log-group:my-log-group:*\"\n          ]\n        }\n    ]\n}\n",
            "role": "ecs-my-ecs-ec2-role"
          },
          "private": "bnVsbA==",
          "dependencies": [
            "module.my-ecs.aws_iam_role.cluster-ec2-role"
          ]
        }
      ]
    },
    {
      "module": "module.my-ecs",
      "mode": "managed",
      "type": "aws_iam_role_policy",
      "name": "cluster-service-role",
      "provider": "provider.aws",
      "instances": [
        {
          "schema_version": 0,
          "attributes": {
            "id": "ecs-service-role-my-ecs:my-ecs-policy",
            "name": "my-ecs-policy",
            "name_prefix": null,
            "policy": "{\n    \"Version\": \"2012-10-17\",\n    \"Statement\": [\n        {\n            \"Effect\": \"Allow\",\n            \"Action\": [\n                \"ec2:AuthorizeSecurityGroupIngress\",\n                \"ec2:Describe*\",\n                \"elasticloadbalancing:DeregisterInstancesFromLoadBalancer\",\n                \"elasticloadbalancing:DeregisterTargets\",\n                \"elasticloadbalancing:Describe*\",\n                \"elasticloadbalancing:RegisterInstancesWithLoadBalancer\",\n                \"elasticloadbalancing:RegisterTargets\"\n            ],\n            \"Resource\": \"*\"\n        }\n    ]\n}\n",
            "role": "ecs-service-role-my-ecs"
          },
          "private": "bnVsbA==",
          "dependencies": [
            "module.my-ecs.aws_iam_role.cluster-service-role"
          ]
        }
      ]
    },
    {
      "module": "module.vpc",
      "mode": "managed",
      "type": "aws_internet_gateway",
      "name": "this",
      "each": "list",
      "provider": "provider.aws",
      "instances": [
        {
          "index_key": 0,
          "schema_version": 0,
          "attributes": {
            "arn": "arn:aws:ec2:us-east-1:202771655335:internet-gateway/igw-0c85c70d19e56a47b",
            "id": "igw-0c85c70d19e56a47b",
            "owner_id": "202771655335",
            "tags": {
              "Environment": "prod",
              "Name": "vpc-module-demo",
              "Terraform": "true"
            },
            "vpc_id": "vpc-0ac442e5abb8e6067"
          },
          "private": "bnVsbA==",
          "dependencies": [
            "module.vpc.aws_vpc.this",
            "module.vpc.aws_vpc_ipv4_cidr_block_association.this"
          ]
        }
      ]
    },
    {
      "mode": "managed",
      "type": "aws_key_pair",
      "name": "mykeypair",
      "provider": "provider.aws",
      "instances": [
        {
          "schema_version": 1,
          "attributes": {
            "arn": "arn:aws:ec2:us-east-1:202771655335:key-pair/mykeypair",
            "fingerprint": "dc:7a:fe:32:3d:b4:51:fe:76:b1:3a:63:37:cd:29:2a",
            "id": "mykeypair",
            "key_name": "mykeypair",
            "key_name_prefix": null,
            "key_pair_id": "key-070a6992890b5ffdc",
            "public_key": "ssh-rsa AAAAB3NzaC1yc2EAAAADAQABAAABAQDM8Fyaa/LArxV+sN2o+ERWymezIyUgrHiMIpBXnEE+2XyJR3Hzaoapnts5q+NTFYOkji6ksf6GIWaWfYh0PQ/LaT9Cm9hw7+JVzWQULaJtkZNWKERf6EpDOMpkOiFQVnPdbhyvFs90rB4c9p3I/iJ4daG1FDsW065+jbSaiZEWzsNGxMnIqIAHotKoJvMwgP4DsTTG5kT5jwbcddfpn6MlbzO8QjV5nX16pTyVZmQECjWOO8bwM4nGk7lhT4QCMlG9SzoBp+X97mggMdXsPTnmZV1fpVstHmT6Mb09rru0hfsa5VP4pXCjV4BRC3zBCkOjfwL0GL8gZqVucX0RmutB irfan@irfan-hp",
            "tags": null
          },
          "private": "eyJzY2hlbWFfdmVyc2lvbiI6IjEifQ=="
        }
      ]
    },
    {
      "module": "module.my-ecs",
      "mode": "managed",
      "type": "aws_launch_configuration",
      "name": "cluster",
      "provider": "provider.aws",
      "instances": [
        {
          "schema_version": 0,
          "attributes": {
            "arn": "arn:aws:autoscaling:us-east-1:202771655335:launchConfiguration:77e9c543-662f-4e1c-98ab-7c8f39a56fc8:launchConfigurationName/ecs-my-ecs-launchconfig20200731063246889200000001",
            "associate_public_ip_address": false,
            "ebs_block_device": [],
            "ebs_optimized": false,
            "enable_monitoring": true,
            "ephemeral_block_device": [],
            "iam_instance_profile": "ecs-my-ecs-ec2-role",
            "id": "ecs-my-ecs-launchconfig20200731063246889200000001",
            "image_id": "ami-0c68bcf8472e9a9d3",
            "instance_type": "t2.small",
            "key_name": "mykeypair",
            "name": "ecs-my-ecs-launchconfig20200731063246889200000001",
            "name_prefix": "ecs-my-ecs-launchconfig",
            "placement_tenancy": null,
            "root_block_device": [],
            "security_groups": [
              "sg-0cff4e7da38f64f98"
            ],
            "spot_price": "",
            "user_data": "41993b10864e2d06c948573b2c81172541ecdc85",
            "user_data_base64": null,
            "vpc_classic_link_id": "",
            "vpc_classic_link_security_groups": null
          },
          "private": "bnVsbA==",
          "dependencies": [
            "aws_key_pair.mykeypair",
            "module.my-ecs.aws_iam_instance_profile.cluster-ec2-role",
            "module.my-ecs.aws_iam_role.cluster-ec2-role",
            "module.my-ecs.aws_security_group.cluster",
            "module.vpc.aws_vpc.this"
          ]
        }
      ]
    },
    {
      "module": "module.my-alb-rule",
      "mode": "managed",
      "type": "aws_lb_listener_rule",
      "name": "alb_rule",
      "provider": "provider.aws",
      "instances": [
        {
          "schema_version": 0,
          "attributes": {
            "action": [
              {
                "authenticate_cognito": [],
                "authenticate_oidc": [],
                "fixed_response": [],
                "forward": [],
                "order": 1,
                "redirect": [],
                "target_group_arn": "arn:aws:elasticloadbalancing:us-east-1:202771655335:targetgroup/my-service-efd5aa0b9814/0e3c11c28fb9856a",
                "type": "forward"
              }
            ],
            "arn": "arn:aws:elasticloadbalancing:us-east-1:202771655335:listener-rule/app/my-alb/7e79cb84378ca502/74cacb015e3a003b/7317cca53641005a",
            "condition": [
              {
                "field": "host-header",
                "host_header": [
                  {
                    "values": [
                      "subdomain.ecs.newtech.academy"
                    ]
                  }
                ],
                "http_header": [],
                "http_request_method": [],
                "path_pattern": [],
                "query_string": [],
                "source_ip": [],
                "values": [
                  "subdomain.ecs.newtech.academy"
                ]
              }
            ],
            "id": "arn:aws:elasticloadbalancing:us-east-1:202771655335:listener-rule/app/my-alb/7e79cb84378ca502/74cacb015e3a003b/7317cca53641005a",
            "listener_arn": "arn:aws:elasticloadbalancing:us-east-1:202771655335:listener/app/my-alb/7e79cb84378ca502/74cacb015e3a003b",
            "priority": 100
          },
          "private": "bnVsbA==",
          "dependencies": [
            "module.my-alb.aws_alb.alb",
            "module.my-alb.aws_alb_listener.alb-http",
            "module.my-alb.aws_security_group.alb",
            "module.my-service.aws_alb_target_group.ecs-service",
            "module.vpc.aws_subnet.public",
            "module.vpc.aws_vpc.this",
            "module.vpc.aws_vpc_ipv4_cidr_block_association.this"
          ]
        }
      ]
    },
    {
      "module": "module.vpc",
      "mode": "managed",
      "type": "aws_nat_gateway",
      "name": "this",
      "each": "list",
      "provider": "provider.aws",
      "instances": []
    },
    {
      "module": "module.vpc",
      "mode": "managed",
      "type": "aws_network_acl",
      "name": "database",
      "each": "list",
      "provider": "provider.aws",
      "instances": []
    },
    {
      "module": "module.vpc",
      "mode": "managed",
      "type": "aws_network_acl",
      "name": "elasticache",
      "each": "list",
      "provider": "provider.aws",
      "instances": []
    },
    {
      "module": "module.vpc",
      "mode": "managed",
      "type": "aws_network_acl",
      "name": "intra",
      "each": "list",
      "provider": "provider.aws",
      "instances": []
    },
    {
      "module": "module.vpc",
      "mode": "managed",
      "type": "aws_network_acl",
      "name": "private",
      "each": "list",
      "provider": "provider.aws",
      "instances": []
    },
    {
      "module": "module.vpc",
      "mode": "managed",
      "type": "aws_network_acl",
      "name": "public",
      "each": "list",
      "provider": "provider.aws",
      "instances": []
    },
    {
      "module": "module.vpc",
      "mode": "managed",
      "type": "aws_network_acl",
      "name": "redshift",
      "each": "list",
      "provider": "provider.aws",
      "instances": []
    },
    {
      "module": "module.vpc",
      "mode": "managed",
      "type": "aws_network_acl_rule",
      "name": "database_inbound",
      "each": "list",
      "provider": "provider.aws",
      "instances": []
    },
    {
      "module": "module.vpc",
      "mode": "managed",
      "type": "aws_network_acl_rule",
      "name": "database_outbound",
      "each": "list",
      "provider": "provider.aws",
      "instances": []
    },
    {
      "module": "module.vpc",
      "mode": "managed",
      "type": "aws_network_acl_rule",
      "name": "elasticache_inbound",
      "each": "list",
      "provider": "provider.aws",
      "instances": []
    },
    {
      "module": "module.vpc",
      "mode": "managed",
      "type": "aws_network_acl_rule",
      "name": "elasticache_outbound",
      "each": "list",
      "provider": "provider.aws",
      "instances": []
    },
    {
      "module": "module.vpc",
      "mode": "managed",
      "type": "aws_network_acl_rule",
      "name": "intra_inbound",
      "each": "list",
      "provider": "provider.aws",
      "instances": []
    },
    {
      "module": "module.vpc",
      "mode": "managed",
      "type": "aws_network_acl_rule",
      "name": "intra_outbound",
      "each": "list",
      "provider": "provider.aws",
      "instances": []
    },
    {
      "module": "module.vpc",
      "mode": "managed",
      "type": "aws_network_acl_rule",
      "name": "private_inbound",
      "each": "list",
      "provider": "provider.aws",
      "instances": []
    },
    {
      "module": "module.vpc",
      "mode": "managed",
      "type": "aws_network_acl_rule",
      "name": "private_outbound",
      "each": "list",
      "provider": "provider.aws",
      "instances": []
    },
    {
      "module": "module.vpc",
      "mode": "managed",
      "type": "aws_network_acl_rule",
      "name": "public_inbound",
      "each": "list",
      "provider": "provider.aws",
      "instances": []
    },
    {
      "module": "module.vpc",
      "mode": "managed",
      "type": "aws_network_acl_rule",
      "name": "public_outbound",
      "each": "list",
      "provider": "provider.aws",
      "instances": []
    },
    {
      "module": "module.vpc",
      "mode": "managed",
      "type": "aws_network_acl_rule",
      "name": "redshift_inbound",
      "each": "list",
      "provider": "provider.aws",
      "instances": []
    },
    {
      "module": "module.vpc",
      "mode": "managed",
      "type": "aws_network_acl_rule",
      "name": "redshift_outbound",
      "each": "list",
      "provider": "provider.aws",
      "instances": []
    },
    {
      "module": "module.vpc",
      "mode": "managed",
      "type": "aws_redshift_subnet_group",
      "name": "redshift",
      "each": "list",
      "provider": "provider.aws",
      "instances": []
    },
    {
      "module": "module.vpc",
      "mode": "managed",
      "type": "aws_route",
      "name": "database_internet_gateway",
      "each": "list",
      "provider": "provider.aws",
      "instances": []
    },
    {
      "module": "module.vpc",
      "mode": "managed",
      "type": "aws_route",
      "name": "database_nat_gateway",
      "each": "list",
      "provider": "provider.aws",
      "instances": []
    },
    {
      "module": "module.vpc",
      "mode": "managed",
      "type": "aws_route",
      "name": "private_nat_gateway",
      "each": "list",
      "provider": "provider.aws",
      "instances": []
    },
    {
      "module": "module.vpc",
      "mode": "managed",
      "type": "aws_route",
      "name": "public_internet_gateway",
      "each": "list",
      "provider": "provider.aws",
      "instances": [
        {
          "index_key": 0,
          "schema_version": 0,
          "attributes": {
            "destination_cidr_block": "0.0.0.0/0",
            "destination_ipv6_cidr_block": "",
            "destination_prefix_list_id": "",
            "egress_only_gateway_id": "",
            "gateway_id": "igw-0c85c70d19e56a47b",
            "id": "r-rtb-05e6d0dfc038a8dd11080289494",
            "instance_id": "",
            "instance_owner_id": "",
            "nat_gateway_id": "",
            "network_interface_id": "",
            "origin": "CreateRoute",
            "route_table_id": "rtb-05e6d0dfc038a8dd1",
            "state": "active",
            "timeouts": {
              "create": "5m",
              "delete": null
            },
            "transit_gateway_id": "",
            "vpc_peering_connection_id": ""
          },
          "private": "eyJlMmJmYjczMC1lY2FhLTExZTYtOGY4OC0zNDM2M2JjN2M0YzAiOnsiY3JlYXRlIjozMDAwMDAwMDAwMDAsImRlbGV0ZSI6MzAwMDAwMDAwMDAwfX0=",
          "dependencies": [
            "module.vpc.aws_internet_gateway.this",
            "module.vpc.aws_route_table.public",
            "module.vpc.aws_vpc.this",
            "module.vpc.aws_vpc_ipv4_cidr_block_association.this"
          ]
        }
      ]
    },
    {
      "module": "module.vpc",
      "mode": "managed",
      "type": "aws_route_table",
      "name": "database",
      "each": "list",
      "provider": "provider.aws",
      "instances": []
    },
    {
      "module": "module.vpc",
      "mode": "managed",
      "type": "aws_route_table",
      "name": "elasticache",
      "each": "list",
      "provider": "provider.aws",
      "instances": []
    },
    {
      "module": "module.vpc",
      "mode": "managed",
      "type": "aws_route_table",
      "name": "intra",
      "each": "list",
      "provider": "provider.aws",
      "instances": []
    },
    {
      "module": "module.vpc",
      "mode": "managed",
      "type": "aws_route_table",
      "name": "private",
      "each": "list",
      "provider": "provider.aws",
      "instances": [
        {
          "index_key": 0,
          "schema_version": 0,
          "attributes": {
            "id": "rtb-02c6f5bc249ab9c62",
            "owner_id": "202771655335",
            "propagating_vgws": [],
            "route": [],
            "tags": {
              "Environment": "prod",
              "Name": "vpc-module-demo-private-us-east-1a",
              "Terraform": "true"
            },
            "vpc_id": "vpc-0ac442e5abb8e6067"
          },
          "private": "bnVsbA==",
          "dependencies": [
            "module.vpc.aws_vpc.this",
            "module.vpc.aws_vpc_ipv4_cidr_block_association.this"
          ]
        },
        {
          "index_key": 1,
          "schema_version": 0,
          "attributes": {
            "id": "rtb-0b2fc266dfbb88680",
            "owner_id": "202771655335",
            "propagating_vgws": [],
            "route": [],
            "tags": {
              "Environment": "prod",
              "Name": "vpc-module-demo-private-us-east-1b",
              "Terraform": "true"
            },
            "vpc_id": "vpc-0ac442e5abb8e6067"
          },
          "private": "bnVsbA==",
          "dependencies": [
            "module.vpc.aws_vpc.this",
            "module.vpc.aws_vpc_ipv4_cidr_block_association.this"
          ]
        },
        {
          "index_key": 2,
          "schema_version": 0,
          "attributes": {
            "id": "rtb-02bc2a0f16ae1e293",
            "owner_id": "202771655335",
            "propagating_vgws": [],
            "route": [],
            "tags": {
              "Environment": "prod",
              "Name": "vpc-module-demo-private-us-east-1c",
              "Terraform": "true"
            },
            "vpc_id": "vpc-0ac442e5abb8e6067"
          },
          "private": "bnVsbA==",
          "dependencies": [
            "module.vpc.aws_vpc.this",
            "module.vpc.aws_vpc_ipv4_cidr_block_association.this"
          ]
        }
      ]
    },
    {
      "module": "module.vpc",
      "mode": "managed",
      "type": "aws_route_table",
      "name": "public",
      "each": "list",
      "provider": "provider.aws",
      "instances": [
        {
          "index_key": 0,
          "schema_version": 0,
          "attributes": {
            "id": "rtb-05e6d0dfc038a8dd1",
            "owner_id": "202771655335",
            "propagating_vgws": [],
            "route": [],
            "tags": {
              "Environment": "prod",
              "Name": "vpc-module-demo-public",
              "Terraform": "true"
            },
            "vpc_id": "vpc-0ac442e5abb8e6067"
          },
          "private": "bnVsbA==",
          "dependencies": [
            "module.vpc.aws_vpc.this",
            "module.vpc.aws_vpc_ipv4_cidr_block_association.this"
          ]
        }
      ]
    },
    {
      "module": "module.vpc",
      "mode": "managed",
      "type": "aws_route_table",
      "name": "redshift",
      "each": "list",
      "provider": "provider.aws",
      "instances": []
    },
    {
      "module": "module.vpc",
      "mode": "managed",
      "type": "aws_route_table_association",
      "name": "database",
      "each": "list",
      "provider": "provider.aws",
      "instances": []
    },
    {
      "module": "module.vpc",
      "mode": "managed",
      "type": "aws_route_table_association",
      "name": "elasticache",
      "each": "list",
      "provider": "provider.aws",
      "instances": []
    },
    {
      "module": "module.vpc",
      "mode": "managed",
      "type": "aws_route_table_association",
      "name": "intra",
      "each": "list",
      "provider": "provider.aws",
      "instances": []
    },
    {
      "module": "module.vpc",
      "mode": "managed",
      "type": "aws_route_table_association",
      "name": "private",
      "each": "list",
      "provider": "provider.aws",
      "instances": [
        {
          "index_key": 0,
          "schema_version": 0,
          "attributes": {
            "gateway_id": null,
            "id": "rtbassoc-015560793456b53d1",
            "route_table_id": "rtb-02c6f5bc249ab9c62",
            "subnet_id": "subnet-0a8a80f24e097fc1d"
          },
          "private": "bnVsbA==",
          "dependencies": [
            "module.vpc.aws_route_table.private",
            "module.vpc.aws_subnet.private",
            "module.vpc.aws_vpc.this",
            "module.vpc.aws_vpc_ipv4_cidr_block_association.this"
          ]
        },
        {
          "index_key": 1,
          "schema_version": 0,
          "attributes": {
            "gateway_id": null,
            "id": "rtbassoc-04bd328d05ad6c1de",
            "route_table_id": "rtb-0b2fc266dfbb88680",
            "subnet_id": "subnet-0e6434d77216b9c7e"
          },
          "private": "bnVsbA==",
          "dependencies": [
            "module.vpc.aws_route_table.private",
            "module.vpc.aws_subnet.private",
            "module.vpc.aws_vpc.this",
            "module.vpc.aws_vpc_ipv4_cidr_block_association.this"
          ]
        },
        {
          "index_key": 2,
          "schema_version": 0,
          "attributes": {
            "gateway_id": null,
            "id": "rtbassoc-008a484649c202ccd",
            "route_table_id": "rtb-02bc2a0f16ae1e293",
            "subnet_id": "subnet-0f624379d422db9ca"
          },
          "private": "bnVsbA==",
          "dependencies": [
            "module.vpc.aws_route_table.private",
            "module.vpc.aws_subnet.private",
            "module.vpc.aws_vpc.this",
            "module.vpc.aws_vpc_ipv4_cidr_block_association.this"
          ]
        }
      ]
    },
    {
      "module": "module.vpc",
      "mode": "managed",
      "type": "aws_route_table_association",
      "name": "public",
      "each": "list",
      "provider": "provider.aws",
      "instances": [
        {
          "index_key": 0,
          "schema_version": 0,
          "attributes": {
            "gateway_id": null,
            "id": "rtbassoc-0544a2df772b8deb9",
            "route_table_id": "rtb-05e6d0dfc038a8dd1",
            "subnet_id": "subnet-02ff4913ee702d5fb"
          },
          "private": "bnVsbA==",
          "dependencies": [
            "module.vpc.aws_route_table.public",
            "module.vpc.aws_subnet.public",
            "module.vpc.aws_vpc.this",
            "module.vpc.aws_vpc_ipv4_cidr_block_association.this"
          ]
        },
        {
          "index_key": 1,
          "schema_version": 0,
          "attributes": {
            "gateway_id": null,
            "id": "rtbassoc-0cedf2b9556ad9abd",
            "route_table_id": "rtb-05e6d0dfc038a8dd1",
            "subnet_id": "subnet-0146892119ea27c32"
          },
          "private": "bnVsbA==",
          "dependencies": [
            "module.vpc.aws_route_table.public",
            "module.vpc.aws_subnet.public",
            "module.vpc.aws_vpc.this",
            "module.vpc.aws_vpc_ipv4_cidr_block_association.this"
          ]
        },
        {
          "index_key": 2,
          "schema_version": 0,
          "attributes": {
            "gateway_id": null,
            "id": "rtbassoc-0604552423c33caf3",
            "route_table_id": "rtb-05e6d0dfc038a8dd1",
            "subnet_id": "subnet-0b20b3c2efa8e8e34"
          },
          "private": "bnVsbA==",
          "dependencies": [
            "module.vpc.aws_route_table.public",
            "module.vpc.aws_subnet.public",
            "module.vpc.aws_vpc.this",
            "module.vpc.aws_vpc_ipv4_cidr_block_association.this"
          ]
        }
      ]
    },
    {
      "module": "module.vpc",
      "mode": "managed",
      "type": "aws_route_table_association",
      "name": "redshift",
      "each": "list",
      "provider": "provider.aws",
      "instances": []
    },
    {
      "module": "module.vpc",
      "mode": "managed",
      "type": "aws_route_table_association",
      "name": "redshift_public",
      "each": "list",
      "provider": "provider.aws",
      "instances": []
    },
    {
      "module": "module.my-alb",
      "mode": "managed",
      "type": "aws_security_group",
      "name": "alb",
      "provider": "provider.aws",
      "instances": [
        {
          "schema_version": 1,
          "attributes": {
            "arn": "arn:aws:ec2:us-east-1:202771655335:security-group/sg-0f764b64b4a643e78",
            "description": "my-alb",
            "egress": [
              {
                "cidr_blocks": [
                  "0.0.0.0/0"
                ],
                "description": "",
                "from_port": 0,
                "ipv6_cidr_blocks": [],
                "prefix_list_ids": [],
                "protocol": "-1",
                "security_groups": [],
                "self": false,
                "to_port": 0
              }
            ],
            "id": "sg-0f764b64b4a643e78",
            "ingress": [
              {
                "cidr_blocks": [
                  "0.0.0.0/0"
                ],
                "description": "",
                "from_port": 443,
                "ipv6_cidr_blocks": [],
                "prefix_list_ids": [],
                "protocol": "tcp",
                "security_groups": [],
                "self": false,
                "to_port": 443
              },
              {
                "cidr_blocks": [
                  "0.0.0.0/0"
                ],
                "description": "",
                "from_port": 8080,
                "ipv6_cidr_blocks": [],
                "prefix_list_ids": [],
                "protocol": "tcp",
                "security_groups": [],
                "self": false,
                "to_port": 8080
              }
            ],
            "name": "my-alb",
            "name_prefix": null,
            "owner_id": "202771655335",
            "revoke_rules_on_delete": false,
            "tags": null,
            "timeouts": null,
            "vpc_id": "vpc-0ac442e5abb8e6067"
          },
          "private": "eyJlMmJmYjczMC1lY2FhLTExZTYtOGY4OC0zNDM2M2JjN2M0YzAiOnsiY3JlYXRlIjo2MDAwMDAwMDAwMDAsImRlbGV0ZSI6NjAwMDAwMDAwMDAwfSwic2NoZW1hX3ZlcnNpb24iOiIxIn0=",
          "dependencies": [
            "module.vpc.aws_vpc.this"
          ]
        }
      ]
    },
    {
      "mode": "managed",
      "type": "aws_security_group",
      "name": "allow-ssh",
      "provider": "provider.aws",
      "instances": [
        {
          "schema_version": 1,
          "attributes": {
            "arn": "arn:aws:ec2:us-east-1:202771655335:security-group/sg-00363b7751be513e1",
            "description": "security group that allows ssh and all egress traffic",
            "egress": [
              {
                "cidr_blocks": [
                  "0.0.0.0/0"
                ],
                "description": "",
                "from_port": 0,
                "ipv6_cidr_blocks": [],
                "prefix_list_ids": [],
                "protocol": "-1",
                "security_groups": [],
                "self": false,
                "to_port": 0
              }
            ],
            "id": "sg-00363b7751be513e1",
            "ingress": [
              {
                "cidr_blocks": [
                  "0.0.0.0/0"
                ],
                "description": "",
                "from_port": 22,
                "ipv6_cidr_blocks": [],
                "prefix_list_ids": [],
                "protocol": "tcp",
                "security_groups": [],
                "self": false,
                "to_port": 22
              }
            ],
            "name": "allow-ssh",
            "name_prefix": null,
            "owner_id": "202771655335",
            "revoke_rules_on_delete": false,
            "tags": {
              "Name": "allow-ssh"
            },
            "timeouts": null,
            "vpc_id": "vpc-0ac442e5abb8e6067"
          },
          "private": "eyJlMmJmYjczMC1lY2FhLTExZTYtOGY4OC0zNDM2M2JjN2M0YzAiOnsiY3JlYXRlIjo2MDAwMDAwMDAwMDAsImRlbGV0ZSI6NjAwMDAwMDAwMDAwfSwic2NoZW1hX3ZlcnNpb24iOiIxIn0=",
          "dependencies": [
            "module.vpc.aws_vpc.this"
          ]
        }
      ]
    },
    {
      "module": "module.my-ecs",
      "mode": "managed",
      "type": "aws_security_group",
      "name": "cluster",
      "provider": "provider.aws",
      "instances": [
        {
          "schema_version": 1,
          "attributes": {
            "arn": "arn:aws:ec2:us-east-1:202771655335:security-group/sg-0cff4e7da38f64f98",
            "description": "my-ecs",
            "egress": [],
            "id": "sg-0cff4e7da38f64f98",
            "ingress": [],
            "name": "my-ecs",
            "name_prefix": null,
            "owner_id": "202771655335",
            "revoke_rules_on_delete": false,
            "tags": null,
            "timeouts": null,
            "vpc_id": "vpc-0ac442e5abb8e6067"
          },
          "private": "eyJlMmJmYjczMC1lY2FhLTExZTYtOGY4OC0zNDM2M2JjN2M0YzAiOnsiY3JlYXRlIjo2MDAwMDAwMDAwMDAsImRlbGV0ZSI6NjAwMDAwMDAwMDAwfSwic2NoZW1hX3ZlcnNpb24iOiIxIn0=",
          "dependencies": [
            "module.vpc.aws_vpc.this"
          ]
        }
      ]
    },
    {
      "module": "module.my-alb",
      "mode": "managed",
      "type": "aws_security_group_rule",
      "name": "cluster-allow-alb",
      "provider": "provider.aws",
      "instances": [
        {
          "schema_version": 2,
          "attributes": {
            "cidr_blocks": null,
            "description": null,
            "from_port": 32768,
            "id": "sgrule-1344197203",
            "ipv6_cidr_blocks": null,
            "prefix_list_ids": null,
            "protocol": "tcp",
            "security_group_id": "sg-0cff4e7da38f64f98",
            "self": false,
            "source_security_group_id": "sg-0f764b64b4a643e78",
            "to_port": 61000,
            "type": "ingress"
          },
          "private": "eyJzY2hlbWFfdmVyc2lvbiI6IjIifQ==",
          "dependencies": [
            "module.my-alb.aws_security_group.alb",
            "module.my-ecs.aws_security_group.cluster",
            "module.vpc.aws_vpc.this"
          ]
        }
      ]
    },
    {
      "module": "module.my-ecs",
      "mode": "managed",
      "type": "aws_security_group_rule",
      "name": "cluster-allow-ssh",
      "each": "list",
      "provider": "provider.aws",
      "instances": [
        {
          "index_key": 0,
          "schema_version": 2,
          "attributes": {
            "cidr_blocks": null,
            "description": null,
            "from_port": 22,
            "id": "sgrule-1889260649",
            "ipv6_cidr_blocks": null,
            "prefix_list_ids": null,
            "protocol": "tcp",
            "security_group_id": "sg-0cff4e7da38f64f98",
            "self": false,
            "source_security_group_id": "sg-00363b7751be513e1",
            "to_port": 22,
            "type": "ingress"
          },
          "private": "eyJzY2hlbWFfdmVyc2lvbiI6IjIifQ==",
          "dependencies": [
            "aws_security_group.allow-ssh",
            "module.my-ecs.aws_security_group.cluster",
            "module.vpc.aws_vpc.this"
          ]
        }
      ]
    },
    {
      "module": "module.my-ecs",
      "mode": "managed",
      "type": "aws_security_group_rule",
      "name": "cluster-egress",
      "provider": "provider.aws",
      "instances": [
        {
          "schema_version": 2,
          "attributes": {
            "cidr_blocks": [
              "0.0.0.0/0"
            ],
            "description": null,
            "from_port": 0,
            "id": "sgrule-3722776661",
            "ipv6_cidr_blocks": null,
            "prefix_list_ids": null,
            "protocol": "-1",
            "security_group_id": "sg-0cff4e7da38f64f98",
            "self": false,
            "source_security_group_id": null,
            "to_port": 0,
            "type": "egress"
          },
          "private": "eyJzY2hlbWFfdmVyc2lvbiI6IjIifQ==",
          "dependencies": [
            "module.my-ecs.aws_security_group.cluster",
            "module.vpc.aws_vpc.this"
          ]
        }
      ]
    },
    {
      "module": "module.vpc",
      "mode": "managed",
      "type": "aws_subnet",
      "name": "database",
      "each": "list",
      "provider": "provider.aws",
      "instances": []
    },
    {
      "module": "module.vpc",
      "mode": "managed",
      "type": "aws_subnet",
      "name": "elasticache",
      "each": "list",
      "provider": "provider.aws",
      "instances": []
    },
    {
      "module": "module.vpc",
      "mode": "managed",
      "type": "aws_subnet",
      "name": "intra",
      "each": "list",
      "provider": "provider.aws",
      "instances": []
    },
    {
      "module": "module.vpc",
      "mode": "managed",
      "type": "aws_subnet",
      "name": "private",
      "each": "list",
      "provider": "provider.aws",
      "instances": [
        {
          "index_key": 0,
          "schema_version": 1,
          "attributes": {
            "arn": "arn:aws:ec2:us-east-1:202771655335:subnet/subnet-0a8a80f24e097fc1d",
            "assign_ipv6_address_on_creation": false,
            "availability_zone": "us-east-1a",
            "availability_zone_id": "use1-az1",
            "cidr_block": "10.0.1.0/24",
            "id": "subnet-0a8a80f24e097fc1d",
            "ipv6_cidr_block": "",
            "ipv6_cidr_block_association_id": "",
            "map_public_ip_on_launch": false,
            "outpost_arn": "",
            "owner_id": "202771655335",
            "tags": {
              "Environment": "prod",
              "Name": "vpc-module-demo-private-us-east-1a",
              "Terraform": "true"
            },
            "timeouts": null,
            "vpc_id": "vpc-0ac442e5abb8e6067"
          },
          "private": "eyJlMmJmYjczMC1lY2FhLTExZTYtOGY4OC0zNDM2M2JjN2M0YzAiOnsiY3JlYXRlIjo2MDAwMDAwMDAwMDAsImRlbGV0ZSI6MTIwMDAwMDAwMDAwMH0sInNjaGVtYV92ZXJzaW9uIjoiMSJ9",
          "dependencies": [
            "module.vpc.aws_vpc.this",
            "module.vpc.aws_vpc_ipv4_cidr_block_association.this"
          ]
        },
        {
          "index_key": 1,
          "schema_version": 1,
          "attributes": {
            "arn": "arn:aws:ec2:us-east-1:202771655335:subnet/subnet-0e6434d77216b9c7e",
            "assign_ipv6_address_on_creation": false,
            "availability_zone": "us-east-1b",
            "availability_zone_id": "use1-az2",
            "cidr_block": "10.0.2.0/24",
            "id": "subnet-0e6434d77216b9c7e",
            "ipv6_cidr_block": "",
            "ipv6_cidr_block_association_id": "",
            "map_public_ip_on_launch": false,
            "outpost_arn": "",
            "owner_id": "202771655335",
            "tags": {
              "Environment": "prod",
              "Name": "vpc-module-demo-private-us-east-1b",
              "Terraform": "true"
            },
            "timeouts": null,
            "vpc_id": "vpc-0ac442e5abb8e6067"
          },
          "private": "eyJlMmJmYjczMC1lY2FhLTExZTYtOGY4OC0zNDM2M2JjN2M0YzAiOnsiY3JlYXRlIjo2MDAwMDAwMDAwMDAsImRlbGV0ZSI6MTIwMDAwMDAwMDAwMH0sInNjaGVtYV92ZXJzaW9uIjoiMSJ9",
          "dependencies": [
            "module.vpc.aws_vpc.this",
            "module.vpc.aws_vpc_ipv4_cidr_block_association.this"
          ]
        },
        {
          "index_key": 2,
          "schema_version": 1,
          "attributes": {
            "arn": "arn:aws:ec2:us-east-1:202771655335:subnet/subnet-0f624379d422db9ca",
            "assign_ipv6_address_on_creation": false,
            "availability_zone": "us-east-1c",
            "availability_zone_id": "use1-az4",
            "cidr_block": "10.0.3.0/24",
            "id": "subnet-0f624379d422db9ca",
            "ipv6_cidr_block": "",
            "ipv6_cidr_block_association_id": "",
            "map_public_ip_on_launch": false,
            "outpost_arn": "",
            "owner_id": "202771655335",
            "tags": {
              "Environment": "prod",
              "Name": "vpc-module-demo-private-us-east-1c",
              "Terraform": "true"
            },
            "timeouts": null,
            "vpc_id": "vpc-0ac442e5abb8e6067"
          },
          "private": "eyJlMmJmYjczMC1lY2FhLTExZTYtOGY4OC0zNDM2M2JjN2M0YzAiOnsiY3JlYXRlIjo2MDAwMDAwMDAwMDAsImRlbGV0ZSI6MTIwMDAwMDAwMDAwMH0sInNjaGVtYV92ZXJzaW9uIjoiMSJ9",
          "dependencies": [
            "module.vpc.aws_vpc.this",
            "module.vpc.aws_vpc_ipv4_cidr_block_association.this"
          ]
        }
      ]
    },
    {
      "module": "module.vpc",
      "mode": "managed",
      "type": "aws_subnet",
      "name": "public",
      "each": "list",
      "provider": "provider.aws",
      "instances": [
        {
          "index_key": 0,
          "schema_version": 1,
          "attributes": {
            "arn": "arn:aws:ec2:us-east-1:202771655335:subnet/subnet-02ff4913ee702d5fb",
            "assign_ipv6_address_on_creation": false,
            "availability_zone": "us-east-1a",
            "availability_zone_id": "use1-az1",
            "cidr_block": "10.0.101.0/24",
            "id": "subnet-02ff4913ee702d5fb",
            "ipv6_cidr_block": "",
            "ipv6_cidr_block_association_id": "",
            "map_public_ip_on_launch": true,
            "outpost_arn": "",
            "owner_id": "202771655335",
            "tags": {
              "Environment": "prod",
              "Name": "vpc-module-demo-public-us-east-1a",
              "Terraform": "true"
            },
            "timeouts": null,
            "vpc_id": "vpc-0ac442e5abb8e6067"
          },
          "private": "eyJlMmJmYjczMC1lY2FhLTExZTYtOGY4OC0zNDM2M2JjN2M0YzAiOnsiY3JlYXRlIjo2MDAwMDAwMDAwMDAsImRlbGV0ZSI6MTIwMDAwMDAwMDAwMH0sInNjaGVtYV92ZXJzaW9uIjoiMSJ9",
          "dependencies": [
            "module.vpc.aws_vpc.this",
            "module.vpc.aws_vpc_ipv4_cidr_block_association.this"
          ]
        },
        {
          "index_key": 1,
          "schema_version": 1,
          "attributes": {
            "arn": "arn:aws:ec2:us-east-1:202771655335:subnet/subnet-0146892119ea27c32",
            "assign_ipv6_address_on_creation": false,
            "availability_zone": "us-east-1b",
            "availability_zone_id": "use1-az2",
            "cidr_block": "10.0.102.0/24",
            "id": "subnet-0146892119ea27c32",
            "ipv6_cidr_block": "",
            "ipv6_cidr_block_association_id": "",
            "map_public_ip_on_launch": true,
            "outpost_arn": "",
            "owner_id": "202771655335",
            "tags": {
              "Environment": "prod",
              "Name": "vpc-module-demo-public-us-east-1b",
              "Terraform": "true"
            },
            "timeouts": null,
            "vpc_id": "vpc-0ac442e5abb8e6067"
          },
          "private": "eyJlMmJmYjczMC1lY2FhLTExZTYtOGY4OC0zNDM2M2JjN2M0YzAiOnsiY3JlYXRlIjo2MDAwMDAwMDAwMDAsImRlbGV0ZSI6MTIwMDAwMDAwMDAwMH0sInNjaGVtYV92ZXJzaW9uIjoiMSJ9",
          "dependencies": [
            "module.vpc.aws_vpc.this",
            "module.vpc.aws_vpc_ipv4_cidr_block_association.this"
          ]
        },
        {
          "index_key": 2,
          "schema_version": 1,
          "attributes": {
            "arn": "arn:aws:ec2:us-east-1:202771655335:subnet/subnet-0b20b3c2efa8e8e34",
            "assign_ipv6_address_on_creation": false,
            "availability_zone": "us-east-1c",
            "availability_zone_id": "use1-az4",
            "cidr_block": "10.0.103.0/24",
            "id": "subnet-0b20b3c2efa8e8e34",
            "ipv6_cidr_block": "",
            "ipv6_cidr_block_association_id": "",
            "map_public_ip_on_launch": true,
            "outpost_arn": "",
            "owner_id": "202771655335",
            "tags": {
              "Environment": "prod",
              "Name": "vpc-module-demo-public-us-east-1c",
              "Terraform": "true"
            },
            "timeouts": null,
            "vpc_id": "vpc-0ac442e5abb8e6067"
          },
          "private": "eyJlMmJmYjczMC1lY2FhLTExZTYtOGY4OC0zNDM2M2JjN2M0YzAiOnsiY3JlYXRlIjo2MDAwMDAwMDAwMDAsImRlbGV0ZSI6MTIwMDAwMDAwMDAwMH0sInNjaGVtYV92ZXJzaW9uIjoiMSJ9",
          "dependencies": [
            "module.vpc.aws_vpc.this",
            "module.vpc.aws_vpc_ipv4_cidr_block_association.this"
          ]
        }
      ]
    },
    {
      "module": "module.vpc",
      "mode": "managed",
      "type": "aws_subnet",
      "name": "redshift",
      "each": "list",
      "provider": "provider.aws",
      "instances": []
    },
    {
      "module": "module.vpc",
      "mode": "managed",
      "type": "aws_vpc",
      "name": "this",
      "each": "list",
      "provider": "provider.aws",
      "instances": [
        {
          "index_key": 0,
          "schema_version": 1,
          "attributes": {
            "arn": "arn:aws:ec2:us-east-1:202771655335:vpc/vpc-0ac442e5abb8e6067",
            "assign_generated_ipv6_cidr_block": false,
            "cidr_block": "10.0.0.0/16",
            "default_network_acl_id": "acl-00fe60132746257a4",
            "default_route_table_id": "rtb-05ca17e2cd0347965",
            "default_security_group_id": "sg-04471cad5c41d31f4",
            "dhcp_options_id": "dopt-1fc50c64",
            "enable_classiclink": false,
            "enable_classiclink_dns_support": false,
            "enable_dns_hostnames": false,
            "enable_dns_support": true,
            "id": "vpc-0ac442e5abb8e6067",
            "instance_tenancy": "default",
            "ipv6_association_id": "",
            "ipv6_cidr_block": "",
            "main_route_table_id": "rtb-05ca17e2cd0347965",
            "owner_id": "202771655335",
            "tags": {
              "Environment": "prod",
              "Name": "vpc-module-demo",
              "Terraform": "true"
            }
          },
          "private": "eyJzY2hlbWFfdmVyc2lvbiI6IjEifQ=="
        }
      ]
    },
    {
      "module": "module.vpc",
      "mode": "managed",
      "type": "aws_vpc_dhcp_options",
      "name": "this",
      "each": "list",
      "provider": "provider.aws",
      "instances": []
    },
    {
      "module": "module.vpc",
      "mode": "managed",
      "type": "aws_vpc_dhcp_options_association",
      "name": "this",
      "each": "list",
      "provider": "provider.aws",
      "instances": []
    },
    {
      "module": "module.vpc",
      "mode": "managed",
      "type": "aws_vpc_endpoint",
      "name": "apigw",
      "each": "list",
      "provider": "provider.aws",
      "instances": []
    },
    {
      "module": "module.vpc",
      "mode": "managed",
      "type": "aws_vpc_endpoint",
      "name": "cloudtrail",
      "each": "list",
      "provider": "provider.aws",
      "instances": []
    },
    {
      "module": "module.vpc",
      "mode": "managed",
      "type": "aws_vpc_endpoint",
      "name": "dynamodb",
      "each": "list",
      "provider": "provider.aws",
      "instances": []
    },
    {
      "module": "module.vpc",
      "mode": "managed",
      "type": "aws_vpc_endpoint",
      "name": "ec2",
      "each": "list",
      "provider": "provider.aws",
      "instances": []
    },
    {
      "module": "module.vpc",
      "mode": "managed",
      "type": "aws_vpc_endpoint",
      "name": "ec2messages",
      "each": "list",
      "provider": "provider.aws",
      "instances": []
    },
    {
      "module": "module.vpc",
      "mode": "managed",
      "type": "aws_vpc_endpoint",
      "name": "ecr_api",
      "each": "list",
      "provider": "provider.aws",
      "instances": []
    },
    {
      "module": "module.vpc",
      "mode": "managed",
      "type": "aws_vpc_endpoint",
      "name": "ecr_dkr",
      "each": "list",
      "provider": "provider.aws",
      "instances": []
    },
    {
      "module": "module.vpc",
      "mode": "managed",
      "type": "aws_vpc_endpoint",
      "name": "ecs",
      "each": "list",
      "provider": "provider.aws",
      "instances": []
    },
    {
      "module": "module.vpc",
      "mode": "managed",
      "type": "aws_vpc_endpoint",
      "name": "ecs_agent",
      "each": "list",
      "provider": "provider.aws",
      "instances": []
    },
    {
      "module": "module.vpc",
      "mode": "managed",
      "type": "aws_vpc_endpoint",
      "name": "ecs_telemetry",
      "each": "list",
      "provider": "provider.aws",
      "instances": []
    },
    {
      "module": "module.vpc",
      "mode": "managed",
      "type": "aws_vpc_endpoint",
      "name": "elasticloadbalancing",
      "each": "list",
      "provider": "provider.aws",
      "instances": []
    },
    {
      "module": "module.vpc",
      "mode": "managed",
      "type": "aws_vpc_endpoint",
      "name": "events",
      "each": "list",
      "provider": "provider.aws",
      "instances": []
    },
    {
      "module": "module.vpc",
      "mode": "managed",
      "type": "aws_vpc_endpoint",
      "name": "kms",
      "each": "list",
      "provider": "provider.aws",
      "instances": []
    },
    {
      "module": "module.vpc",
      "mode": "managed",
      "type": "aws_vpc_endpoint",
      "name": "logs",
      "each": "list",
      "provider": "provider.aws",
      "instances": []
    },
    {
      "module": "module.vpc",
      "mode": "managed",
      "type": "aws_vpc_endpoint",
      "name": "monitoring",
      "each": "list",
      "provider": "provider.aws",
      "instances": []
    },
    {
      "module": "module.vpc",
      "mode": "managed",
      "type": "aws_vpc_endpoint",
      "name": "s3",
      "each": "list",
      "provider": "provider.aws",
      "instances": []
    },
    {
      "module": "module.vpc",
      "mode": "managed",
      "type": "aws_vpc_endpoint",
      "name": "sns",
      "each": "list",
      "provider": "provider.aws",
      "instances": []
    },
    {
      "module": "module.vpc",
      "mode": "managed",
      "type": "aws_vpc_endpoint",
      "name": "sqs",
      "each": "list",
      "provider": "provider.aws",
      "instances": []
    },
    {
      "module": "module.vpc",
      "mode": "managed",
      "type": "aws_vpc_endpoint",
      "name": "ssm",
      "each": "list",
      "provider": "provider.aws",
      "instances": []
    },
    {
      "module": "module.vpc",
      "mode": "managed",
      "type": "aws_vpc_endpoint",
      "name": "ssmmessages",
      "each": "list",
      "provider": "provider.aws",
      "instances": []
    },
    {
      "module": "module.vpc",
      "mode": "managed",
      "type": "aws_vpc_endpoint_route_table_association",
      "name": "intra_dynamodb",
      "each": "list",
      "provider": "provider.aws",
      "instances": []
    },
    {
      "module": "module.vpc",
      "mode": "managed",
      "type": "aws_vpc_endpoint_route_table_association",
      "name": "intra_s3",
      "each": "list",
      "provider": "provider.aws",
      "instances": []
    },
    {
      "module": "module.vpc",
      "mode": "managed",
      "type": "aws_vpc_endpoint_route_table_association",
      "name": "private_dynamodb",
      "each": "list",
      "provider": "provider.aws",
      "instances": []
    },
    {
      "module": "module.vpc",
      "mode": "managed",
      "type": "aws_vpc_endpoint_route_table_association",
      "name": "private_s3",
      "each": "list",
      "provider": "provider.aws",
      "instances": []
    },
    {
      "module": "module.vpc",
      "mode": "managed",
      "type": "aws_vpc_endpoint_route_table_association",
      "name": "public_dynamodb",
      "each": "list",
      "provider": "provider.aws",
      "instances": []
    },
    {
      "module": "module.vpc",
      "mode": "managed",
      "type": "aws_vpc_endpoint_route_table_association",
      "name": "public_s3",
      "each": "list",
      "provider": "provider.aws",
      "instances": []
    },
    {
      "module": "module.vpc",
      "mode": "managed",
      "type": "aws_vpc_ipv4_cidr_block_association",
      "name": "this",
      "each": "list",
      "provider": "provider.aws",
      "instances": []
    },
    {
      "module": "module.vpc",
      "mode": "managed",
      "type": "aws_vpn_gateway",
      "name": "this",
      "each": "list",
      "provider": "provider.aws",
      "instances": []
    },
    {
      "module": "module.vpc",
      "mode": "managed",
      "type": "aws_vpn_gateway_attachment",
      "name": "this",
      "each": "list",
      "provider": "provider.aws",
      "instances": []
    },
    {
      "module": "module.vpc",
      "mode": "managed",
      "type": "aws_vpn_gateway_route_propagation",
      "name": "private",
      "each": "list",
      "provider": "provider.aws",
      "instances": []
    },
    {
      "module": "module.vpc",
      "mode": "managed",
      "type": "aws_vpn_gateway_route_propagation",
      "name": "public",
      "each": "list",
      "provider": "provider.aws",
      "instances": []
    },
    {
      "module": "module.my-service",
      "mode": "managed",
      "type": "null_resource",
      "name": "alb_exists",
      "provider": "provider.null",
      "instances": [
        {
          "schema_version": 0,
          "attributes": {
            "id": "1598986615588892854",
            "triggers": {
              "alb_name": "arn:aws:elasticloadbalancing:us-east-1:202771655335:loadbalancer/app/my-alb/7e79cb84378ca502"
            }
          },
          "private": "bnVsbA==",
          "dependencies": [
            "module.my-alb.aws_alb.alb",
            "module.my-alb.aws_security_group.alb",
            "module.vpc.aws_subnet.public",
            "module.vpc.aws_vpc.this",
            "module.vpc.aws_vpc_ipv4_cidr_block_association.this"
          ]
        }
      ]
    }
  ]
}
